
Microsoft Visual Studio Solution File, Format Version 12.00
# Visual Studio Version 17
VisualStudioVersion = 17.10.35122.118
MinimumVisualStudioVersion = 10.0.40219.1
Project("{8BC9CEB8-8B4A-11D0-8D11-00A0C91BC942}") = "Sandbox", "Sandbox\Sandbox.vcxproj", "{F649F97E-3A50-47AC-AC98-A391F6ED863F}"
EndProject
Project("{8BC9CEB8-8B4A-11D0-8D11-00A0C91BC942}") = "SakuraEngine", "SakuraEngine\SakuraEngine.vcxproj", "{FF591306-F469-4077-99EE-FC0A49BDE392}"
EndProject
Global
	GlobalSection(SolutionConfigurationPlatforms) = preSolution
		Debug|x64 = Debug|x64
		Release|x64 = Release|x64
	EndGlobalSection
	GlobalSection(ProjectConfigurationPlatforms) = postSolution
		{FF591306-F469-4077-99EE-FC0A49BDE392}.Debug|x64.ActiveCfg = Debug|x64
		{FF591306-F469-4077-99EE-FC0A49BDE392}.Debug|x64.Build.0 = Debug|x64
		{FF591306-F469-4077-99EE-FC0A49BDE392}.Release|x64.ActiveCfg = Release|x64
		{FF591306-F469-4077-99EE-FC0A49BDE392}.Release|x64.Build.0 = Release|x64
		{F649F97E-3A50-47AC-AC98-A391F6ED863F}.Debug|x64.ActiveCfg = Debug|x64
		{F649F97E-3A50-47AC-AC98-A391F6ED863F}.Debug|x64.Build.0 = Debug|x64
		{F649F97E-3A50-47AC-AC98-A391F6ED863F}.Release|x64.ActiveCfg = Release|x64
		{F649F97E-3A50-47AC-AC98-A391F6ED863F}.Release|x64.Build.0 = Release|x64
	EndGlobalSection
	GlobalSection(SolutionProperties) = preSolution
		HideSolutionNode = FALSE
	EndGlobalSection
	GlobalSection(ExtensibilityGlobals) = postSolution
		SolutionGuid = {7B935FB6-7766-4199-A650-106ABDE9D009}
	EndGlobalSection
EndGlobal
